
Microsoft Visual Studio Solution File, Format Version 12.00
# Visual Studio Version 17
VisualStudioVersion = 17.5.002.0
MinimumVisualStudioVersion = 10.0.40219.1
Project("{9A19103F-16F7-4668-BE54-9A1E7A4F7556}") = "Level", "Level\Level.csproj", "{C02645AB-389F-47A3-BA05-322AEAA32B3A}"
EndProject
Project("{9A19103F-16F7-4668-BE54-9A1E7A4F7556}") = "Level 1", "Level 1\Level 1.csproj", "{DFFC4810-DAFD-4B61-AB00-6DBD87283A5E}"
EndProject
Global
	GlobalSection(SolutionConfigurationPlatforms) = preSolution
		Debug|Any CPU = Debug|Any CPU
		Release|Any CPU = Release|Any CPU
	EndGlobalSection
	GlobalSection(ProjectConfigurationPlatforms) = postSolution
		{C02645AB-389F-47A3-BA05-322AEAA32B3A}.Debug|Any CPU.ActiveCfg = Debug|Any CPU
		{C02645AB-389F-47A3-BA05-322AEAA32B3A}.Debug|Any CPU.Build.0 = Debug|Any CPU
		{C02645AB-389F-47A3-BA05-322AEAA32B3A}.Release|Any CPU.ActiveCfg = Release|Any CPU
		{C02645AB-389F-47A3-BA05-322AEAA32B3A}.Release|Any CPU.Build.0 = Release|Any CPU
		{DFFC4810-DAFD-4B61-AB00-6DBD87283A5E}.Debug|Any CPU.ActiveCfg = Debug|Any CPU
		{DFFC4810-DAFD-4B61-AB00-6DBD87283A5E}.Debug|Any CPU.Build.0 = Debug|Any CPU
		{DFFC4810-DAFD-4B61-AB00-6DBD87283A5E}.Release|Any CPU.ActiveCfg = Release|Any CPU
		{DFFC4810-DAFD-4B61-AB00-6DBD87283A5E}.Release|Any CPU.Build.0 = Release|Any CPU
	EndGlobalSection
	GlobalSection(SolutionProperties) = preSolution
		HideSolutionNode = FALSE
	EndGlobalSection
	GlobalSection(ExtensibilityGlobals) = postSolution
		SolutionGuid = {AD033A19-B00A-4A4A-9BA8-0D6E25ED2BA0}
	EndGlobalSection
EndGlobal
